
Microsoft Visual Studio Solution File, Format Version 12.00
# Visual Studio Version 16
VisualStudioVersion = 25.0.1703.3
MinimumVisualStudioVersion = 10.0.40219.1
Project("{FAE04EC0-301F-11D3-BF4B-00C04F79EFBC}") = "Hello_World.Android", "Hello_World\Hello_World.Android\Hello_World.Android.csproj", "{36D265F9-A1E5-4532-9015-7C991DCAD844}"
EndProject
Project("{FAE04EC0-301F-11D3-BF4B-00C04F79EFBC}") = "Hello_World.iOS", "Hello_World\Hello_World.iOS\Hello_World.iOS.csproj", "{10FECEFF-551F-40CE-B74F-0A3C027A4EF7}"
EndProject
Project("{FAE04EC0-301F-11D3-BF4B-00C04F79EFBC}") = "Hello_World", "Hello_World\Hello_World\Hello_World.csproj", "{732A0B36-4018-4584-AF79-5A7A524CC6A9}"
EndProject
Global
	GlobalSection(SolutionConfigurationPlatforms) = preSolution
		Debug|Any CPU = Debug|Any CPU
		Release|Any CPU = Release|Any CPU
		Debug|iPhoneSimulator = Debug|iPhoneSimulator
		Release|iPhoneSimulator = Release|iPhoneSimulator
		Debug|iPhone = Debug|iPhone
		Release|iPhone = Release|iPhone
	EndGlobalSection
	GlobalSection(ProjectConfigurationPlatforms) = postSolution
		{36D265F9-A1E5-4532-9015-7C991DCAD844}.Debug|Any CPU.ActiveCfg = Debug|Any CPU
		{36D265F9-A1E5-4532-9015-7C991DCAD844}.Debug|Any CPU.Build.0 = Debug|Any CPU
		{36D265F9-A1E5-4532-9015-7C991DCAD844}.Release|Any CPU.ActiveCfg = Release|Any CPU
		{36D265F9-A1E5-4532-9015-7C991DCAD844}.Release|Any CPU.Build.0 = Release|Any CPU
		{36D265F9-A1E5-4532-9015-7C991DCAD844}.Debug|iPhoneSimulator.ActiveCfg = Debug|Any CPU
		{36D265F9-A1E5-4532-9015-7C991DCAD844}.Debug|iPhoneSimulator.Build.0 = Debug|Any CPU
		{36D265F9-A1E5-4532-9015-7C991DCAD844}.Release|iPhoneSimulator.ActiveCfg = Release|Any CPU
		{36D265F9-A1E5-4532-9015-7C991DCAD844}.Release|iPhoneSimulator.Build.0 = Release|Any CPU
		{36D265F9-A1E5-4532-9015-7C991DCAD844}.Debug|iPhone.ActiveCfg = Debug|Any CPU
		{36D265F9-A1E5-4532-9015-7C991DCAD844}.Debug|iPhone.Build.0 = Debug|Any CPU
		{36D265F9-A1E5-4532-9015-7C991DCAD844}.Release|iPhone.ActiveCfg = Release|Any CPU
		{36D265F9-A1E5-4532-9015-7C991DCAD844}.Release|iPhone.Build.0 = Release|Any CPU
		{10FECEFF-551F-40CE-B74F-0A3C027A4EF7}.Debug|Any CPU.ActiveCfg = Debug|iPhoneSimulator
		{10FECEFF-551F-40CE-B74F-0A3C027A4EF7}.Debug|Any CPU.Build.0 = Debug|iPhoneSimulator
		{10FECEFF-551F-40CE-B74F-0A3C027A4EF7}.Release|Any CPU.ActiveCfg = Release|iPhoneSimulator
		{10FECEFF-551F-40CE-B74F-0A3C027A4EF7}.Release|Any CPU.Build.0 = Release|iPhoneSimulator
		{10FECEFF-551F-40CE-B74F-0A3C027A4EF7}.Debug|iPhoneSimulator.ActiveCfg = Debug|iPhoneSimulator
		{10FECEFF-551F-40CE-B74F-0A3C027A4EF7}.Debug|iPhoneSimulator.Build.0 = Debug|iPhoneSimulator
		{10FECEFF-551F-40CE-B74F-0A3C027A4EF7}.Release|iPhoneSimulator.ActiveCfg = Release|iPhoneSimulator
		{10FECEFF-551F-40CE-B74F-0A3C027A4EF7}.Release|iPhoneSimulator.Build.0 = Release|iPhoneSimulator
		{10FECEFF-551F-40CE-B74F-0A3C027A4EF7}.Debug|iPhone.ActiveCfg = Debug|iPhone
		{10FECEFF-551F-40CE-B74F-0A3C027A4EF7}.Debug|iPhone.Build.0 = Debug|iPhone
		{10FECEFF-551F-40CE-B74F-0A3C027A4EF7}.Release|iPhone.ActiveCfg = Release|iPhone
		{10FECEFF-551F-40CE-B74F-0A3C027A4EF7}.Release|iPhone.Build.0 = Release|iPhone
		{732A0B36-4018-4584-AF79-5A7A524CC6A9}.Debug|Any CPU.ActiveCfg = Debug|Any CPU
		{732A0B36-4018-4584-AF79-5A7A524CC6A9}.Debug|Any CPU.Build.0 = Debug|Any CPU
		{732A0B36-4018-4584-AF79-5A7A524CC6A9}.Release|Any CPU.ActiveCfg = Release|Any CPU
		{732A0B36-4018-4584-AF79-5A7A524CC6A9}.Release|Any CPU.Build.0 = Release|Any CPU
		{732A0B36-4018-4584-AF79-5A7A524CC6A9}.Debug|iPhoneSimulator.ActiveCfg = Debug|Any CPU
		{732A0B36-4018-4584-AF79-5A7A524CC6A9}.Debug|iPhoneSimulator.Build.0 = Debug|Any CPU
		{732A0B36-4018-4584-AF79-5A7A524CC6A9}.Release|iPhoneSimulator.ActiveCfg = Release|Any CPU
		{732A0B36-4018-4584-AF79-5A7A524CC6A9}.Release|iPhoneSimulator.Build.0 = Release|Any CPU
		{732A0B36-4018-4584-AF79-5A7A524CC6A9}.Debug|iPhone.ActiveCfg = Debug|Any CPU
		{732A0B36-4018-4584-AF79-5A7A524CC6A9}.Debug|iPhone.Build.0 = Debug|Any CPU
		{732A0B36-4018-4584-AF79-5A7A524CC6A9}.Release|iPhone.ActiveCfg = Release|Any CPU
		{732A0B36-4018-4584-AF79-5A7A524CC6A9}.Release|iPhone.Build.0 = Release|Any CPU
	EndGlobalSection
	GlobalSection(SolutionProperties) = preSolution
		HideSolutionNode = FALSE
	EndGlobalSection
	GlobalSection(ExtensibilityGlobals) = postSolution
		SolutionGuid = {54A3C6CB-C5F1-434F-9B29-4EBD8FA62817}
	EndGlobalSection
EndGlobal
